{
  "name": "Homepage2",
  "version": "1.0.0",
  "lockfileVersion": 1,
  "requires": true,
  "dependencies": {
    "@types/angular": {
      "version": "1.6.26",
      "resolved": "https://registry.npmjs.org/@types/angular/-/angular-1.6.26.tgz",
      "integrity": "sha512-PdoZ2kKe2AytqVSReTdqYV1Wxqf70zREnys+kCeAh0wUMXOZboA1IFzqcKOxUMRGEL2npbfCCiv2FJBOaOCdNA=="
    },
    "@types/angular-sanitize": {
      "version": "1.3.6",
      "resolved": "https://registry.npmjs.org/@types/angular-sanitize/-/angular-sanitize-1.3.6.tgz",
      "integrity": "sha512-Bq3DQsQ4iW4I3QF5uNrQ1d7QHF5uluXFIPazAh/us/3ZNqQGBWZ097L2wHWPjYcJNaVzMdAgEuSz5KrsQNTEvw==",
      "requires": {
        "@types/angular": "1.6.26"
      }
    },
    "@types/gapi": {
      "version": "0.0.33",
      "resolved": "https://registry.npmjs.org/@types/gapi/-/gapi-0.0.33.tgz",
      "integrity": "sha512-XS1ZEfJ2y8Q2mbjpbiKbKu4cbBA0gphZPMWGmK3SLiIcahiG7b3FvdVuwP19G65ikj6sUisZWKzfP4KNW4isEA=="
    },
    "@types/gapi.auth2": {
      "version": "0.0.41",
      "resolved": "https://registry.npmjs.org/@types/gapi.auth2/-/gapi.auth2-0.0.41.tgz",
      "integrity": "sha512-Ss/e7H8XkoLanRrEQb5xDvfjtiV9meKuAwLO3dpAohbbWKJltLdAQOwDE90dreOw2so7/WZES3wqzuxeXF0MpQ==",
      "requires": {
        "@types/gapi": "0.0.33"
      }
    },
    "@types/gapi.calendar": {
      "version": "3.0.2",
      "resolved": "https://registry.npmjs.org/@types/gapi.calendar/-/gapi.calendar-3.0.2.tgz",
      "integrity": "sha512-cfaV/rHBsV6GzWoxzXztkRbPMRJ4Yl2BPUoVgn3K9EmRxV7GFTf4bQhOFLWX85Xvq9WP5+mPPiu8ngoEGQ01lA==",
      "requires": {
        "@types/gapi": "0.0.33"
      }
    },
    "@types/gapi.translate": {
      "version": "0.0.29",
      "resolved": "https://registry.npmjs.org/@types/gapi.translate/-/gapi.translate-0.0.29.tgz",
      "integrity": "sha512-4nL+vutKi2kEPJQGTduBIvg1RMzmy2y7N1EujYdnjSbXjf4KdeHwp9mB9+7hq6QNK1XSNCLP+LA1nvSR8MCNWg==",
      "requires": {
        "@types/gapi": "0.0.33"
      }
    },
    "@types/gapi.youtube": {
      "version": "3.0.32",
      "resolved": "https://registry.npmjs.org/@types/gapi.youtube/-/gapi.youtube-3.0.32.tgz",
      "integrity": "sha512-dLbPBkWnjXCYkDhFplYeEkMVlHTfgoyDm0Dqb/XLaYAH3P+e+VyX8nVIUWbcAPQo1CeYUjyU6XeKOKvoja9Ggg==",
      "requires": {
        "@types/gapi": "0.0.33"
      }
    },
    "@types/jquery": {
      "version": "3.2.12",
      "resolved": "https://registry.npmjs.org/@types/jquery/-/jquery-3.2.12.tgz",
      "integrity": "sha512-xZzTbUju6AYFE/088UcH2+dB7yTLHlujDju9pfncD1WLl2LWa6Mn+WzKjFfhn8YA+he53j5K0Rfdw89BN0kDug=="
    },
    "angular": {
      "version": "1.6.5",
      "resolved": "https://registry.npmjs.org/angular/-/angular-1.6.5.tgz",
      "integrity": "sha1-N/eI7r7Fzi4/oCsXu8sqIxV2oNY="
    },
    "angular-sanitize": {
      "version": "1.6.6",
      "resolved": "https://registry.npmjs.org/angular-sanitize/-/angular-sanitize-1.6.6.tgz",
      "integrity": "sha1-D9BloZkxUX++zmZZbTJdcrbgYEE="
    },
    "angular-ui-calendar": {
      "version": "1.0.2",
      "resolved": "https://registry.npmjs.org/angular-ui-calendar/-/angular-ui-calendar-1.0.2.tgz",
      "integrity": "sha1-+icQV0JVcu+q32ZgJDzDPLmfM8E="
    },
    "angularjs-bootstrap-datetimepicker": {
      "version": "1.1.4",
      "resolved": "https://registry.npmjs.org/angularjs-bootstrap-datetimepicker/-/angularjs-bootstrap-datetimepicker-1.1.4.tgz",
      "integrity": "sha1-iKT+oORv6PRWHirDKWT/WJ5UZKk=",
      "requires": {
        "angular": "1.6.5",
        "moment": "2.18.1"
      }
    },
    "bootstrap": {
      "version": "3.3.7",
      "resolved": "https://registry.npmjs.org/bootstrap/-/bootstrap-3.3.7.tgz",
      "integrity": "sha1-WjiTlFSfIzMIdaOxUGVldPip63E="
    },
    "fullcalendar": {
      "version": "3.5.1",
      "resolved": "https://registry.npmjs.org/fullcalendar/-/fullcalendar-3.5.1.tgz",
      "integrity": "sha1-xw1kLKGNKFT7uXqbT17s72qj6IQ=",
      "requires": {
        "jquery": "3.2.1",
        "moment": "2.18.1"
      }
    },
    "jquery": {
      "version": "3.2.1",
      "resolved": "https://registry.npmjs.org/jquery/-/jquery-3.2.1.tgz",
      "integrity": "sha1-XE2d5lKvbNCncBVKYxu6ErAVx4c="
    },
    "moment": {
      "version": "2.18.1",
      "resolved": "https://registry.npmjs.org/moment/-/moment-2.18.1.tgz",
      "integrity": "sha1-w2GT3Tzhwu7SrbfIAtu8d6gbHA8="
    }
  }
}
